
Microsoft Visual Studio Solution File, Format Version 12.00
# Visual Studio Version 17
VisualStudioVersion = 17.1.32228.430
MinimumVisualStudioVersion = 10.0.40219.1
Project("{9A19103F-16F7-4668-BE54-9A1E7A4F7556}") = "ATS.API", "ATS.API\ATS.API.csproj", "{9F21B0A7-8FED-42D0-83D6-C7429E1560E0}"
EndProject
Project("{9A19103F-16F7-4668-BE54-9A1E7A4F7556}") = "ATS.Application", "ATS.Application\ATS.Application.csproj", "{E26BBE5F-BDF2-4516-A792-0871DB3B6EAE}"
EndProject
Project("{9A19103F-16F7-4668-BE54-9A1E7A4F7556}") = "ATS.Domain", "ATS.Domain\ATS.Domain.csproj", "{560B94F4-1105-4865-AA90-5AEC96EB2EFA}"
EndProject
Project("{9A19103F-16F7-4668-BE54-9A1E7A4F7556}") = "ATS.Infrastructure", "ATS.Infrastructure\ATS.Infrastructure.csproj", "{8496BC03-EDAD-4469-9E40-AC0D776EFBE9}"
EndProject
Project("{E53339B2-1760-4266-BCC7-CA923CBCF16C}") = "docker-compose", "docker-compose.dcproj", "{9AEC7C68-63AE-4B5C-AF93-7356C7CD8EB1}"
EndProject
Global
	GlobalSection(SolutionConfigurationPlatforms) = preSolution
		Debug|Any CPU = Debug|Any CPU
		Release|Any CPU = Release|Any CPU
	EndGlobalSection
	GlobalSection(ProjectConfigurationPlatforms) = postSolution
		{9F21B0A7-8FED-42D0-83D6-C7429E1560E0}.Debug|Any CPU.ActiveCfg = Debug|Any CPU
		{9F21B0A7-8FED-42D0-83D6-C7429E1560E0}.Debug|Any CPU.Build.0 = Debug|Any CPU
		{9F21B0A7-8FED-42D0-83D6-C7429E1560E0}.Release|Any CPU.ActiveCfg = Release|Any CPU
		{9F21B0A7-8FED-42D0-83D6-C7429E1560E0}.Release|Any CPU.Build.0 = Release|Any CPU
		{E26BBE5F-BDF2-4516-A792-0871DB3B6EAE}.Debug|Any CPU.ActiveCfg = Debug|Any CPU
		{E26BBE5F-BDF2-4516-A792-0871DB3B6EAE}.Debug|Any CPU.Build.0 = Debug|Any CPU
		{E26BBE5F-BDF2-4516-A792-0871DB3B6EAE}.Release|Any CPU.ActiveCfg = Release|Any CPU
		{E26BBE5F-BDF2-4516-A792-0871DB3B6EAE}.Release|Any CPU.Build.0 = Release|Any CPU
		{560B94F4-1105-4865-AA90-5AEC96EB2EFA}.Debug|Any CPU.ActiveCfg = Debug|Any CPU
		{560B94F4-1105-4865-AA90-5AEC96EB2EFA}.Debug|Any CPU.Build.0 = Debug|Any CPU
		{560B94F4-1105-4865-AA90-5AEC96EB2EFA}.Release|Any CPU.ActiveCfg = Release|Any CPU
		{560B94F4-1105-4865-AA90-5AEC96EB2EFA}.Release|Any CPU.Build.0 = Release|Any CPU
		{8496BC03-EDAD-4469-9E40-AC0D776EFBE9}.Debug|Any CPU.ActiveCfg = Debug|Any CPU
		{8496BC03-EDAD-4469-9E40-AC0D776EFBE9}.Debug|Any CPU.Build.0 = Debug|Any CPU
		{8496BC03-EDAD-4469-9E40-AC0D776EFBE9}.Release|Any CPU.ActiveCfg = Release|Any CPU
		{8496BC03-EDAD-4469-9E40-AC0D776EFBE9}.Release|Any CPU.Build.0 = Release|Any CPU
		{9AEC7C68-63AE-4B5C-AF93-7356C7CD8EB1}.Debug|Any CPU.ActiveCfg = Debug|Any CPU
		{9AEC7C68-63AE-4B5C-AF93-7356C7CD8EB1}.Debug|Any CPU.Build.0 = Debug|Any CPU
		{9AEC7C68-63AE-4B5C-AF93-7356C7CD8EB1}.Release|Any CPU.ActiveCfg = Release|Any CPU
		{9AEC7C68-63AE-4B5C-AF93-7356C7CD8EB1}.Release|Any CPU.Build.0 = Release|Any CPU
	EndGlobalSection
	GlobalSection(SolutionProperties) = preSolution
		HideSolutionNode = FALSE
	EndGlobalSection
	GlobalSection(ExtensibilityGlobals) = postSolution
		SolutionGuid = {E20D3219-7D5E-432E-B0DE-8106145B6D8A}
	EndGlobalSection
EndGlobal
